{
    "_readme": [
        "This file locks the dependencies of your project to a known state",
        "Read more about it at https://getcomposer.org/doc/01-basic-usage.md#composer-lock-the-lock-file",
        "This file is @generated automatically"
    ],
    "content-hash": "1a39054572af63547445e023d5777437",
    "packages": [
        {
            "name": "phpoffice/phpexcel",
            "version": "1.8.1",
            "source": {
                "type": "git",
                "url": "https://github.com/PHPOffice/PHPExcel.git",
                "reference": "372c7cbb695a6f6f1e62649381aeaa37e7e70b32"
            },
            "dist": {
                "type": "zip",
                "url": "https://api.github.com/repos/PHPOffice/PHPExcel/zipball/372c7cbb695a6f6f1e62649381aeaa37e7e70b32",
                "reference": "372c7cbb695a6f6f1e62649381aeaa37e7e70b32",
                "shasum": ""
            },
            "require": {
                "ext-xml": "*",
                "ext-xmlwriter": "*",
                "php": ">=5.2.0"
            },
            "type": "library",
            "autoload": {
                "psr-0": {
                    "PHPExcel": "Classes/"
                }
            },
            "notification-url": "https://packagist.org/downloads/",
            "license": [
                "LGPL"
            ],
            "authors": [
                {
                    "name": "Maarten Balliauw",
                    "homepage": "http://blog.maartenballiauw.be"
                },
                {
                    "name": "Mark Baker"
                },
                {
                    "name": "Franck Lefevre",
                    "homepage": "http://blog.rootslabs.net"
                },
                {
                    "name": "Erik Tilt"
                }
            ],
            "description": "PHPExcel - OpenXML - Read, Create and Write Spreadsheet documents in PHP - Spreadsheet engine",
            "homepage": "http://phpexcel.codeplex.com",
            "keywords": [
                "OpenXML",
                "excel",
                "php",
                "spreadsheet",
                "xls",
                "xlsx"
            ],
            "abandoned": "phpoffice/phpspreadsheet",
            "time": "2015-05-01T07:00:55+00:00"
        },
        {
            "name": "ziplr/php-qr-code",
            "version": "v1.0",
            "source": {
                "type": "git",
                "url": "https://github.com/ziplr/php-qr-code.git",
                "reference": "dac8f3da6eaf0ee22fab85fae8eb16db8ab7da73"
            },
            "dist": {
                "type": "zip",
                "url": "https://api.github.com/repos/ziplr/php-qr-code/zipball/dac8f3da6eaf0ee22fab85fae8eb16db8ab7da73",
                "reference": "dac8f3da6eaf0ee22fab85fae8eb16db8ab7da73",
                "shasum": ""
            },
            "type": "library",
            "autoload": {
                "psr-0": [],
                "files": [
                    "src/qrconst.php",
                    "src/qrconfig.php",
                    "src/qrtools.php",
                    "src/qrspec.php",
                    "src/qrimage.php",
                    "src/qrinput.php",
                    "src/qrbitstream.php",
                    "src/qrsplit.php",
                    "src/qrrscode.php",
                    "src/qrmask.php",
                    "src/qrencode.php",
                    "src/qrarea.php",
                    "src/qrcanvas.php",
                    "src/qrsvg.php"
                ]
            },
            "notification-url": "https://packagist.org/downloads/",
            "description": "PHP Qr Code Generator compatible with php 7.0",
            "time": "2017-07-22T08:29:31+00:00"
        }
    ],
    "packages-dev": [],
    "aliases": [],
    "minimum-stability": "stable",
    "stability-flags": [],
    "prefer-stable": false,
    "prefer-lowest": false,
    "platform": [],
    "platform-dev": []
}
